// !$*UTF8*$!
{
	archiveVersion = 1;
	classes = {
	};
	objectVersion = 55;
	objects = {

/* Begin PBXBuildFile section */
		BF06560B287D21B400B5F1F0 /* SegmentedViewController.swift in Sources */ = {isa = PBXBuildFile; fileRef = BF06560A287D21B400B5F1F0 /* SegmentedViewController.swift */; };
		BF4283E82880E83F004973AE /* Transition.storyboard in Resources */ = {isa = PBXBuildFile; fileRef = BF4283E72880E83F004973AE /* Transition.storyboard */; };
		BF4283EA2880EFC3004973AE /* TransitionFirstViewController.swift in Sources */ = {isa = PBXBuildFile; fileRef = BF4283E92880EFC3004973AE /* TransitionFirstViewController.swift */; };
		BF4283EC2880FE03004973AE /* TransitionSecondViewController.swift in Sources */ = {isa = PBXBuildFile; fileRef = BF4283EB2880FE03004973AE /* TransitionSecondViewController.swift */; };
		BF65E4DC287BA3EB00E3D2FF /* AppDelegate.swift in Sources */ = {isa = PBXBuildFile; fileRef = BF65E4DB287BA3EB00E3D2FF /* AppDelegate.swift */; };
		BF65E4DE287BA3EB00E3D2FF /* SceneDelegate.swift in Sources */ = {isa = PBXBuildFile; fileRef = BF65E4DD287BA3EB00E3D2FF /* SceneDelegate.swift */; };
		BF65E4E0287BA3EB00E3D2FF /* ViewController.swift in Sources */ = {isa = PBXBuildFile; fileRef = BF65E4DF287BA3EB00E3D2FF /* ViewController.swift */; };
		BF65E4E3287BA3EB00E3D2FF /* Main.storyboard in Resources */ = {isa = PBXBuildFile; fileRef = BF65E4E1287BA3EB00E3D2FF /* Main.storyboard */; };
		BF65E4E5287BA3EC00E3D2FF /* Assets.xcassets in Resources */ = {isa = PBXBuildFile; fileRef = BF65E4E4287BA3EC00E3D2FF /* Assets.xcassets */; };
		BF65E4E8287BA3EC00E3D2FF /* LaunchScreen.storyboard in Resources */ = {isa = PBXBuildFile; fileRef = BF65E4E6287BA3EC00E3D2FF /* LaunchScreen.storyboard */; };
		BFA8CAB8287FA69700EB68A0 /* Setting.storyboard in Resources */ = {isa = PBXBuildFile; fileRef = BFA8CAB7287FA69700EB68A0 /* Setting.storyboard */; };
		BFA8CABA287FA81700EB68A0 /* Search.storyboard in Resources */ = {isa = PBXBuildFile; fileRef = BFA8CAB9287FA81700EB68A0 /* Search.storyboard */; };
		BFA8CABD287FAEDC00EB68A0 /* SideMenu in Frameworks */ = {isa = PBXBuildFile; productRef = BFA8CABC287FAEDC00EB68A0 /* SideMenu */; };
		BFA8CAC0287FAF5C00EB68A0 /* FSCalendar in Frameworks */ = {isa = PBXBuildFile; productRef = BFA8CABF287FAF5C00EB68A0 /* FSCalendar */; };
		BFA8CAC3287FAFB400EB68A0 /* TextFieldEffects in Frameworks */ = {isa = PBXBuildFile; productRef = BFA8CAC2287FAFB400EB68A0 /* TextFieldEffects */; };
		BFA8CAC6287FBE4D00EB68A0 /* IQKeyboardManagerSwift in Frameworks */ = {isa = PBXBuildFile; productRef = BFA8CAC5287FBE4D00EB68A0 /* IQKeyboardManagerSwift */; };
		BFA8CAC8287FC47C00EB68A0 /* SearchViewController.swift in Sources */ = {isa = PBXBuildFile; fileRef = BFA8CAC7287FC47C00EB68A0 /* SearchViewController.swift */; };
/* End PBXBuildFile section */

/* Begin PBXFileReference section */
		BF06560A287D21B400B5F1F0 /* SegmentedViewController.swift */ = {isa = PBXFileReference; lastKnownFileType = sourcecode.swift; path = SegmentedViewController.swift; sourceTree = "<group>"; };
		BF4283E72880E83F004973AE /* Transition.storyboard */ = {isa = PBXFileReference; lastKnownFileType = file.storyboard; path = Transition.storyboard; sourceTree = "<group>"; };
		BF4283E92880EFC3004973AE /* TransitionFirstViewController.swift */ = {isa = PBXFileReference; lastKnownFileType = sourcecode.swift; path = TransitionFirstViewController.swift; sourceTree = "<group>"; };
		BF4283EB2880FE03004973AE /* TransitionSecondViewController.swift */ = {isa = PBXFileReference; lastKnownFileType = sourcecode.swift; path = TransitionSecondViewController.swift; sourceTree = "<group>"; };
		BF65E4D8287BA3EB00E3D2FF /* SeSAC_iOS_Week2.app */ = {isa = PBXFileReference; explicitFileType = wrapper.application; includeInIndex = 0; path = SeSAC_iOS_Week2.app; sourceTree = BUILT_PRODUCTS_DIR; };
		BF65E4DB287BA3EB00E3D2FF /* AppDelegate.swift */ = {isa = PBXFileReference; lastKnownFileType = sourcecode.swift; path = AppDelegate.swift; sourceTree = "<group>"; };
		BF65E4DD287BA3EB00E3D2FF /* SceneDelegate.swift */ = {isa = PBXFileReference; lastKnownFileType = sourcecode.swift; path = SceneDelegate.swift; sourceTree = "<group>"; };
		BF65E4DF287BA3EB00E3D2FF /* ViewController.swift */ = {isa = PBXFileReference; lastKnownFileType = sourcecode.swift; path = ViewController.swift; sourceTree = "<group>"; };
		BF65E4E2287BA3EB00E3D2FF /* Base */ = {isa = PBXFileReference; lastKnownFileType = file.storyboard; name = Base; path = Base.lproj/Main.storyboard; sourceTree = "<group>"; };
		BF65E4E4287BA3EC00E3D2FF /* Assets.xcassets */ = {isa = PBXFileReference; lastKnownFileType = folder.assetcatalog; path = Assets.xcassets; sourceTree = "<group>"; };
		BF65E4E7287BA3EC00E3D2FF /* Base */ = {isa = PBXFileReference; lastKnownFileType = file.storyboard; name = Base; path = Base.lproj/LaunchScreen.storyboard; sourceTree = "<group>"; };
		BF65E4E9287BA3EC00E3D2FF /* Info.plist */ = {isa = PBXFileReference; lastKnownFileType = text.plist.xml; path = Info.plist; sourceTree = "<group>"; };
		BFA8CAB7287FA69700EB68A0 /* Setting.storyboard */ = {isa = PBXFileReference; lastKnownFileType = file.storyboard; path = Setting.storyboard; sourceTree = "<group>"; };
		BFA8CAB9287FA81700EB68A0 /* Search.storyboard */ = {isa = PBXFileReference; lastKnownFileType = file.storyboard; path = Search.storyboard; sourceTree = "<group>"; };
		BFA8CAC7287FC47C00EB68A0 /* SearchViewController.swift */ = {isa = PBXFileReference; lastKnownFileType = sourcecode.swift; path = SearchViewController.swift; sourceTree = "<group>"; };
/* End PBXFileReference section */

/* Begin PBXFrameworksBuildPhase section */
		BF65E4D5287BA3EB00E3D2FF /* Frameworks */ = {
			isa = PBXFrameworksBuildPhase;
			buildActionMask = 2147483647;
			files = (
				BFA8CAC3287FAFB400EB68A0 /* TextFieldEffects in Frameworks */,
				BFA8CAC6287FBE4D00EB68A0 /* IQKeyboardManagerSwift in Frameworks */,
				BFA8CABD287FAEDC00EB68A0 /* SideMenu in Frameworks */,
				BFA8CAC0287FAF5C00EB68A0 /* FSCalendar in Frameworks */,
			);
			runOnlyForDeploymentPostprocessing = 0;
		};
/* End PBXFrameworksBuildPhase section */

/* Begin PBXGroup section */
		BF4283E62880E81C004973AE /* Transition */ = {
			isa = PBXGroup;
			children = (
				BF4283E72880E83F004973AE /* Transition.storyboard */,
				BF4283E92880EFC3004973AE /* TransitionFirstViewController.swift */,
				BF4283EB2880FE03004973AE /* TransitionSecondViewController.swift */,
			);
			path = Transition;
			sourceTree = "<group>";
		};
		BF65E4CF287BA3EB00E3D2FF = {
			isa = PBXGroup;
			children = (
				BF65E4DA287BA3EB00E3D2FF /* SeSAC_iOS_Week2 */,
				BF65E4D9287BA3EB00E3D2FF /* Products */,
			);
			sourceTree = "<group>";
		};
		BF65E4D9287BA3EB00E3D2FF /* Products */ = {
			isa = PBXGroup;
			children = (
				BF65E4D8287BA3EB00E3D2FF /* SeSAC_iOS_Week2.app */,
			);
			name = Products;
			sourceTree = "<group>";
		};
		BF65E4DA287BA3EB00E3D2FF /* SeSAC_iOS_Week2 */ = {
			isa = PBXGroup;
			children = (
				BF4283E62880E81C004973AE /* Transition */,
				BF65E4DB287BA3EB00E3D2FF /* AppDelegate.swift */,
				BF65E4DD287BA3EB00E3D2FF /* SceneDelegate.swift */,
				BF65E4DF287BA3EB00E3D2FF /* ViewController.swift */,
				BF65E4E1287BA3EB00E3D2FF /* Main.storyboard */,
				BFA8CAB7287FA69700EB68A0 /* Setting.storyboard */,
				BFA8CAC7287FC47C00EB68A0 /* SearchViewController.swift */,
				BFA8CAB9287FA81700EB68A0 /* Search.storyboard */,
				BF06560A287D21B400B5F1F0 /* SegmentedViewController.swift */,
				BF65E4E4287BA3EC00E3D2FF /* Assets.xcassets */,
				BF65E4E6287BA3EC00E3D2FF /* LaunchScreen.storyboard */,
				BF65E4E9287BA3EC00E3D2FF /* Info.plist */,
			);
			path = SeSAC_iOS_Week2;
			sourceTree = "<group>";
		};
/* End PBXGroup section */

/* Begin PBXNativeTarget section */
		BF65E4D7287BA3EB00E3D2FF /* SeSAC_iOS_Week2 */ = {
			isa = PBXNativeTarget;
			buildConfigurationList = BF65E4EC287BA3EC00E3D2FF /* Build configuration list for PBXNativeTarget "SeSAC_iOS_Week2" */;
			buildPhases = (
				BF65E4D4287BA3EB00E3D2FF /* Sources */,
				BF65E4D5287BA3EB00E3D2FF /* Frameworks */,
				BF65E4D6287BA3EB00E3D2FF /* Resources */,
			);
			buildRules = (
			);
			dependencies = (
			);
			name = SeSAC_iOS_Week2;
			packageProductDependencies = (
				BFA8CABC287FAEDC00EB68A0 /* SideMenu */,
				BFA8CABF287FAF5C00EB68A0 /* FSCalendar */,
				BFA8CAC2287FAFB400EB68A0 /* TextFieldEffects */,
				BFA8CAC5287FBE4D00EB68A0 /* IQKeyboardManagerSwift */,
			);
			productName = SeSAC_iOS_Week2;
			productReference = BF65E4D8287BA3EB00E3D2FF /* SeSAC_iOS_Week2.app */;
			productType = "com.apple.product-type.application";
		};
/* End PBXNativeTarget section */

/* Begin PBXProject section */
		BF65E4D0287BA3EB00E3D2FF /* Project object */ = {
			isa = PBXProject;
			attributes = {
				BuildIndependentTargetsInParallel = 1;
				LastSwiftUpdateCheck = 1340;
				LastUpgradeCheck = 1340;
				TargetAttributes = {
					BF65E4D7287BA3EB00E3D2FF = {
						CreatedOnToolsVersion = 13.4.1;
					};
				};
			};
			buildConfigurationList = BF65E4D3287BA3EB00E3D2FF /* Build configuration list for PBXProject "SeSAC_iOS_Week2" */;
			compatibilityVersion = "Xcode 13.0";
			developmentRegion = en;
			hasScannedForEncodings = 0;
			knownRegions = (
				en,
				Base,
			);
			mainGroup = BF65E4CF287BA3EB00E3D2FF;
			packageReferences = (
				BFA8CABB287FAEDC00EB68A0 /* XCRemoteSwiftPackageReference "SideMenu" */,
				BFA8CABE287FAF5C00EB68A0 /* XCRemoteSwiftPackageReference "FSCalendar" */,
				BFA8CAC1287FAFB400EB68A0 /* XCRemoteSwiftPackageReference "TextFieldEffects" */,
				BFA8CAC4287FBE4D00EB68A0 /* XCRemoteSwiftPackageReference "IQKeyboardManager" */,
			);
			productRefGroup = BF65E4D9287BA3EB00E3D2FF /* Products */;
			projectDirPath = "";
			projectRoot = "";
			targets = (
				BF65E4D7287BA3EB00E3D2FF /* SeSAC_iOS_Week2 */,
			);
		};
/* End PBXProject section */

/* Begin PBXResourcesBuildPhase section */
		BF65E4D6287BA3EB00E3D2FF /* Resources */ = {
			isa = PBXResourcesBuildPhase;
			buildActionMask = 2147483647;
			files = (
				BF65E4E8287BA3EC00E3D2FF /* LaunchScreen.storyboard in Resources */,
				BF4283E82880E83F004973AE /* Transition.storyboard in Resources */,
				BF65E4E5287BA3EC00E3D2FF /* Assets.xcassets in Resources */,
				BF65E4E3287BA3EB00E3D2FF /* Main.storyboard in Resources */,
				BFA8CAB8287FA69700EB68A0 /* Setting.storyboard in Resources */,
				BFA8CABA287FA81700EB68A0 /* Search.storyboard in Resources */,
			);
			runOnlyForDeploymentPostprocessing = 0;
		};
/* End PBXResourcesBuildPhase section */

/* Begin PBXSourcesBuildPhase section */
		BF65E4D4287BA3EB00E3D2FF /* Sources */ = {
			isa = PBXSourcesBuildPhase;
			buildActionMask = 2147483647;
			files = (
				BFA8CAC8287FC47C00EB68A0 /* SearchViewController.swift in Sources */,
				BF65E4E0287BA3EB00E3D2FF /* ViewController.swift in Sources */,
				BF4283EA2880EFC3004973AE /* TransitionFirstViewController.swift in Sources */,
				BF65E4DC287BA3EB00E3D2FF /* AppDelegate.swift in Sources */,
				BF65E4DE287BA3EB00E3D2FF /* SceneDelegate.swift in Sources */,
				BF4283EC2880FE03004973AE /* TransitionSecondViewController.swift in Sources */,
				BF06560B287D21B400B5F1F0 /* SegmentedViewController.swift in Sources */,
			);
			runOnlyForDeploymentPostprocessing = 0;
		};
/* End PBXSourcesBuildPhase section */

/* Begin PBXVariantGroup section */
		BF65E4E1287BA3EB00E3D2FF /* Main.storyboard */ = {
			isa = PBXVariantGroup;
			children = (
				BF65E4E2287BA3EB00E3D2FF /* Base */,
			);
			name = Main.storyboard;
			sourceTree = "<group>";
		};
		BF65E4E6287BA3EC00E3D2FF /* LaunchScreen.storyboard */ = {
			isa = PBXVariantGroup;
			children = (
				BF65E4E7287BA3EC00E3D2FF /* Base */,
			);
			name = LaunchScreen.storyboard;
			sourceTree = "<group>";
		};
/* End PBXVariantGroup section */

/* Begin XCBuildConfiguration section */
		BF65E4EA287BA3EC00E3D2FF /* Debug */ = {
			isa = XCBuildConfiguration;
			buildSettings = {
				ALWAYS_SEARCH_USER_PATHS = NO;
				CLANG_ANALYZER_NONNULL = YES;
				CLANG_ANALYZER_NUMBER_OBJECT_CONVERSION = YES_AGGRESSIVE;
				CLANG_CXX_LANGUAGE_STANDARD = "gnu++17";
				CLANG_ENABLE_MODULES = YES;
				CLANG_ENABLE_OBJC_ARC = YES;
				CLANG_ENABLE_OBJC_WEAK = YES;
				CLANG_WARN_BLOCK_CAPTURE_AUTORELEASING = YES;
				CLANG_WARN_BOOL_CONVERSION = YES;
				CLANG_WARN_COMMA = YES;
				CLANG_WARN_CONSTANT_CONVERSION = YES;
				CLANG_WARN_DEPRECATED_OBJC_IMPLEMENTATIONS = YES;
				CLANG_WARN_DIRECT_OBJC_ISA_USAGE = YES_ERROR;
				CLANG_WARN_DOCUMENTATION_COMMENTS = YES;
				CLANG_WARN_EMPTY_BODY = YES;
				CLANG_WARN_ENUM_CONVERSION = YES;
				CLANG_WARN_INFINITE_RECURSION = YES;
				CLANG_WARN_INT_CONVERSION = YES;
				CLANG_WARN_NON_LITERAL_NULL_CONVERSION = YES;
				CLANG_WARN_OBJC_IMPLICIT_RETAIN_SELF = YES;
				CLANG_WARN_OBJC_LITERAL_CONVERSION = YES;
				CLANG_WARN_OBJC_ROOT_CLASS = YES_ERROR;
				CLANG_WARN_QUOTED_INCLUDE_IN_FRAMEWORK_HEADER = YES;
				CLANG_WARN_RANGE_LOOP_ANALYSIS = YES;
				CLANG_WARN_STRICT_PROTOTYPES = YES;
				CLANG_WARN_SUSPICIOUS_MOVE = YES;
				CLANG_WARN_UNGUARDED_AVAILABILITY = YES_AGGRESSIVE;
				CLANG_WARN_UNREACHABLE_CODE = YES;
				CLANG_WARN__DUPLICATE_METHOD_MATCH = YES;
				COPY_PHASE_STRIP = NO;
				DEBUG_INFORMATION_FORMAT = dwarf;
				ENABLE_STRICT_OBJC_MSGSEND = YES;
				ENABLE_TESTABILITY = YES;
				GCC_C_LANGUAGE_STANDARD = gnu11;
				GCC_DYNAMIC_NO_PIC = NO;
				GCC_NO_COMMON_BLOCKS = YES;
				GCC_OPTIMIZATION_LEVEL = 0;
				GCC_PREPROCESSOR_DEFINITIONS = (
					"DEBUG=1",
					"$(inherited)",
				);
				GCC_WARN_64_TO_32_BIT_CONVERSION = YES;
				GCC_WARN_ABOUT_RETURN_TYPE = YES_ERROR;
				GCC_WARN_UNDECLARED_SELECTOR = YES;
				GCC_WARN_UNINITIALIZED_AUTOS = YES_AGGRESSIVE;
				GCC_WARN_UNUSED_FUNCTION = YES;
				GCC_WARN_UNUSED_VARIABLE = YES;
				IPHONEOS_DEPLOYMENT_TARGET = 15.5;
				MTL_ENABLE_DEBUG_INFO = INCLUDE_SOURCE;
				MTL_FAST_MATH = YES;
				ONLY_ACTIVE_ARCH = YES;
				SDKROOT = iphoneos;
				SWIFT_ACTIVE_COMPILATION_CONDITIONS = DEBUG;
				SWIFT_OPTIMIZATION_LEVEL = "-Onone";
			};
			name = Debug;
		};
		BF65E4EB287BA3EC00E3D2FF /* Release */ = {
			isa = XCBuildConfiguration;
			buildSettings = {
				ALWAYS_SEARCH_USER_PATHS = NO;
				CLANG_ANALYZER_NONNULL = YES;
				CLANG_ANALYZER_NUMBER_OBJECT_CONVERSION = YES_AGGRESSIVE;
				CLANG_CXX_LANGUAGE_STANDARD = "gnu++17";
				CLANG_ENABLE_MODULES = YES;
				CLANG_ENABLE_OBJC_ARC = YES;
				CLANG_ENABLE_OBJC_WEAK = YES;
				CLANG_WARN_BLOCK_CAPTURE_AUTORELEASING = YES;
				CLANG_WARN_BOOL_CONVERSION = YES;
				CLANG_WARN_COMMA = YES;
				CLANG_WARN_CONSTANT_CONVERSION = YES;
				CLANG_WARN_DEPRECATED_OBJC_IMPLEMENTATIONS = YES;
				CLANG_WARN_DIRECT_OBJC_ISA_USAGE = YES_ERROR;
				CLANG_WARN_DOCUMENTATION_COMMENTS = YES;
				CLANG_WARN_EMPTY_BODY = YES;
				CLANG_WARN_ENUM_CONVERSION = YES;
				CLANG_WARN_INFINITE_RECURSION = YES;
				CLANG_WARN_INT_CONVERSION = YES;
				CLANG_WARN_NON_LITERAL_NULL_CONVERSION = YES;
				CLANG_WARN_OBJC_IMPLICIT_RETAIN_SELF = YES;
				CLANG_WARN_OBJC_LITERAL_CONVERSION = YES;
				CLANG_WARN_OBJC_ROOT_CLASS = YES_ERROR;
				CLANG_WARN_QUOTED_INCLUDE_IN_FRAMEWORK_HEADER = YES;
				CLANG_WARN_RANGE_LOOP_ANALYSIS = YES;
				CLANG_WARN_STRICT_PROTOTYPES = YES;
				CLANG_WARN_SUSPICIOUS_MOVE = YES;
				CLANG_WARN_UNGUARDED_AVAILABILITY = YES_AGGRESSIVE;
				CLANG_WARN_UNREACHABLE_CODE = YES;
				CLANG_WARN__DUPLICATE_METHOD_MATCH = YES;
				COPY_PHASE_STRIP = NO;
				DEBUG_INFORMATION_FORMAT = "dwarf-with-dsym";
				ENABLE_NS_ASSERTIONS = NO;
				ENABLE_STRICT_OBJC_MSGSEND = YES;
				GCC_C_LANGUAGE_STANDARD = gnu11;
				GCC_NO_COMMON_BLOCKS = YES;
				GCC_WARN_64_TO_32_BIT_CONVERSION = YES;
				GCC_WARN_ABOUT_RETURN_TYPE = YES_ERROR;
				GCC_WARN_UNDECLARED_SELECTOR = YES;
				GCC_WARN_UNINITIALIZED_AUTOS = YES_AGGRESSIVE;
				GCC_WARN_UNUSED_FUNCTION = YES;
				GCC_WARN_UNUSED_VARIABLE = YES;
				IPHONEOS_DEPLOYMENT_TARGET = 15.5;
				MTL_ENABLE_DEBUG_INFO = NO;
				MTL_FAST_MATH = YES;
				SDKROOT = iphoneos;
				SWIFT_COMPILATION_MODE = wholemodule;
				SWIFT_OPTIMIZATION_LEVEL = "-O";
				VALIDATE_PRODUCT = YES;
			};
			name = Release;
		};
		BF65E4ED287BA3EC00E3D2FF /* Debug */ = {
			isa = XCBuildConfiguration;
			buildSettings = {
				ASSETCATALOG_COMPILER_APPICON_NAME = AppIcon;
				ASSETCATALOG_COMPILER_GLOBAL_ACCENT_COLOR_NAME = AccentColor;
				CODE_SIGN_STYLE = Automatic;
				CURRENT_PROJECT_VERSION = 1;
				GENERATE_INFOPLIST_FILE = YES;
				INFOPLIST_FILE = SeSAC_iOS_Week2/Info.plist;
				INFOPLIST_KEY_UIApplicationSupportsIndirectInputEvents = YES;
				INFOPLIST_KEY_UILaunchStoryboardName = LaunchScreen;
				INFOPLIST_KEY_UIMainStoryboardFile = Setting;
				INFOPLIST_KEY_UISupportedInterfaceOrientations_iPad = "UIInterfaceOrientationPortrait UIInterfaceOrientationPortraitUpsideDown UIInterfaceOrientationLandscapeLeft UIInterfaceOrientationLandscapeRight";
				INFOPLIST_KEY_UISupportedInterfaceOrientations_iPhone = "UIInterfaceOrientationPortrait UIInterfaceOrientationLandscapeLeft UIInterfaceOrientationLandscapeRight";
				LD_RUNPATH_SEARCH_PATHS = (
					"$(inherited)",
					"@executable_path/Frameworks",
				);
				MARKETING_VERSION = 1.0;
				PRODUCT_BUNDLE_IDENTIFIER = "com.sanhan.SeSAC-iOS-Week2";
				PRODUCT_NAME = "$(TARGET_NAME)";
				SWIFT_EMIT_LOC_STRINGS = YES;
				SWIFT_VERSION = 5.0;
				TARGETED_DEVICE_FAMILY = "1,2";
			};
			name = Debug;
		};
		BF65E4EE287BA3EC00E3D2FF /* Release */ = {
			isa = XCBuildConfiguration;
			buildSettings = {
				ASSETCATALOG_COMPILER_APPICON_NAME = AppIcon;
				ASSETCATALOG_COMPILER_GLOBAL_ACCENT_COLOR_NAME = AccentColor;
				CODE_SIGN_STYLE = Automatic;
				CURRENT_PROJECT_VERSION = 1;
				GENERATE_INFOPLIST_FILE = YES;
				INFOPLIST_FILE = SeSAC_iOS_Week2/Info.plist;
				INFOPLIST_KEY_UIApplicationSupportsIndirectInputEvents = YES;
				INFOPLIST_KEY_UILaunchStoryboardName = LaunchScreen;
				INFOPLIST_KEY_UIMainStoryboardFile = Setting;
				INFOPLIST_KEY_UISupportedInterfaceOrientations_iPad = "UIInterfaceOrientationPortrait UIInterfaceOrientationPortraitUpsideDown UIInterfaceOrientationLandscapeLeft UIInterfaceOrientationLandscapeRight";
				INFOPLIST_KEY_UISupportedInterfaceOrientations_iPhone = "UIInterfaceOrientationPortrait UIInterfaceOrientationLandscapeLeft UIInterfaceOrientationLandscapeRight";
				LD_RUNPATH_SEARCH_PATHS = (
					"$(inherited)",
					"@executable_path/Frameworks",
				);
				MARKETING_VERSION = 1.0;
				PRODUCT_BUNDLE_IDENTIFIER = "com.sanhan.SeSAC-iOS-Week2";
				PRODUCT_NAME = "$(TARGET_NAME)";
				SWIFT_EMIT_LOC_STRINGS = YES;
				SWIFT_VERSION = 5.0;
				TARGETED_DEVICE_FAMILY = "1,2";
			};
			name = Release;
		};
/* End XCBuildConfiguration section */

/* Begin XCConfigurationList section */
		BF65E4D3287BA3EB00E3D2FF /* Build configuration list for PBXProject "SeSAC_iOS_Week2" */ = {
			isa = XCConfigurationList;
			buildConfigurations = (
				BF65E4EA287BA3EC00E3D2FF /* Debug */,
				BF65E4EB287BA3EC00E3D2FF /* Release */,
			);
			defaultConfigurationIsVisible = 0;
			defaultConfigurationName = Release;
		};
		BF65E4EC287BA3EC00E3D2FF /* Build configuration list for PBXNativeTarget "SeSAC_iOS_Week2" */ = {
			isa = XCConfigurationList;
			buildConfigurations = (
				BF65E4ED287BA3EC00E3D2FF /* Debug */,
				BF65E4EE287BA3EC00E3D2FF /* Release */,
			);
			defaultConfigurationIsVisible = 0;
			defaultConfigurationName = Release;
		};
/* End XCConfigurationList section */

/* Begin XCRemoteSwiftPackageReference section */
		BFA8CABB287FAEDC00EB68A0 /* XCRemoteSwiftPackageReference "SideMenu" */ = {
			isa = XCRemoteSwiftPackageReference;
			repositoryURL = "https://github.com/jonkykong/SideMenu.git";
			requirement = {
				kind = upToNextMajorVersion;
				minimumVersion = 6.0.0;
			};
		};
		BFA8CABE287FAF5C00EB68A0 /* XCRemoteSwiftPackageReference "FSCalendar" */ = {
			isa = XCRemoteSwiftPackageReference;
			repositoryURL = "https://github.com/WenchaoD/FSCalendar.git";
			requirement = {
				kind = upToNextMajorVersion;
				minimumVersion = 2.0.0;
			};
		};
		BFA8CAC1287FAFB400EB68A0 /* XCRemoteSwiftPackageReference "TextFieldEffects" */ = {
			isa = XCRemoteSwiftPackageReference;
			repositoryURL = "https://github.com/raulriera/TextFieldEffects.git";
			requirement = {
				kind = upToNextMajorVersion;
				minimumVersion = 1.0.0;
			};
		};
		BFA8CAC4287FBE4D00EB68A0 /* XCRemoteSwiftPackageReference "IQKeyboardManager" */ = {
			isa = XCRemoteSwiftPackageReference;
			repositoryURL = "https://github.com/hackiftekhar/IQKeyboardManager.git";
			requirement = {
				kind = exactVersion;
				version = 6.5.0;
			};
		};
/* End XCRemoteSwiftPackageReference section */

/* Begin XCSwiftPackageProductDependency section */
		BFA8CABC287FAEDC00EB68A0 /* SideMenu */ = {
			isa = XCSwiftPackageProductDependency;
			package = BFA8CABB287FAEDC00EB68A0 /* XCRemoteSwiftPackageReference "SideMenu" */;
			productName = SideMenu;
		};
		BFA8CABF287FAF5C00EB68A0 /* FSCalendar */ = {
			isa = XCSwiftPackageProductDependency;
			package = BFA8CABE287FAF5C00EB68A0 /* XCRemoteSwiftPackageReference "FSCalendar" */;
			productName = FSCalendar;
		};
		BFA8CAC2287FAFB400EB68A0 /* TextFieldEffects */ = {
			isa = XCSwiftPackageProductDependency;
			package = BFA8CAC1287FAFB400EB68A0 /* XCRemoteSwiftPackageReference "TextFieldEffects" */;
			productName = TextFieldEffects;
		};
		BFA8CAC5287FBE4D00EB68A0 /* IQKeyboardManagerSwift */ = {
			isa = XCSwiftPackageProductDependency;
			package = BFA8CAC4287FBE4D00EB68A0 /* XCRemoteSwiftPackageReference "IQKeyboardManager" */;
			productName = IQKeyboardManagerSwift;
		};
/* End XCSwiftPackageProductDependency section */
	};
	rootObject = BF65E4D0287BA3EB00E3D2FF /* Project object */;
}
